# Prisma Migrate lockfile v1

20200914113749-init
20200914130106-init
20200914132356-init
20200914135729-init
20200916072314-init
20200916072834-init
20200918044134-init
20200918054440-init
20200918054559-init
20200918060515-init
20200920104410-init
20200930030100-init
20201018062332-init
20201018062435-init
20201018063307-init
20201018072019-init
20201018103602-init